
Microsoft Visual Studio Solution File, Format Version 12.00
# Visual Studio Version 17
VisualStudioVersion = 17.3.32825.248
MinimumVisualStudioVersion = 10.0.40219.1
Project("{FAE04EC0-301F-11D3-BF4B-00C04F79EFBC}") = "masterComfigHUDManagment", "masterComfigHUDManagment\masterComfigHUDManagment.csproj", "{40335D8B-BEE2-4119-84EE-2F78A0D23044}"
EndProject
Global
	GlobalSection(SolutionConfigurationPlatforms) = preSolution
		Debug|Any CPU = Debug|Any CPU
		Release|Any CPU = Release|Any CPU
	EndGlobalSection
	GlobalSection(ProjectConfigurationPlatforms) = postSolution
		{40335D8B-BEE2-4119-84EE-2F78A0D23044}.Debug|Any CPU.ActiveCfg = Debug|Any CPU
		{40335D8B-BEE2-4119-84EE-2F78A0D23044}.Debug|Any CPU.Build.0 = Debug|Any CPU
		{40335D8B-BEE2-4119-84EE-2F78A0D23044}.Release|Any CPU.ActiveCfg = Release|Any CPU
		{40335D8B-BEE2-4119-84EE-2F78A0D23044}.Release|Any CPU.Build.0 = Release|Any CPU
	EndGlobalSection
	GlobalSection(SolutionProperties) = preSolution
		HideSolutionNode = FALSE
	EndGlobalSection
	GlobalSection(ExtensibilityGlobals) = postSolution
		SolutionGuid = {3E5F589C-13A6-415D-B5E6-A6C5F38F45AC}
	EndGlobalSection
EndGlobal
